
Microsoft Visual Studio Solution File, Format Version 12.00
# Visual Studio Version 17
VisualStudioVersion = 17.0.31903.59
MinimumVisualStudioVersion = 10.0.40219.1
Project("{FAE04EC0-301F-11D3-BF4B-00C04F79EFBC}") = "HelloWorld", "HelloWorld\HelloWorld.csproj", "{870061DD-2D96-4CE0-88F5-16D5E470D5B0}"
EndProject
Project("{FAE04EC0-301F-11D3-BF4B-00C04F79EFBC}") = "Variable", "Variable\Variable.csproj", "{280C5D5A-190A-40B2-8CD6-397C87E8600E}"
EndProject
Project("{FAE04EC0-301F-11D3-BF4B-00C04F79EFBC}") = "TypeCasting", "TypeCasting\TypeCasting.csproj", "{33B2B427-AD3B-4642-92BF-18D176D07469}"
EndProject
Project("{FAE04EC0-301F-11D3-BF4B-00C04F79EFBC}") = "UserInput", "UserInput\UserInput.csproj", "{D583D03B-61E6-415E-B194-95348284673E}"
EndProject
Project("{FAE04EC0-301F-11D3-BF4B-00C04F79EFBC}") = "Operator", "Operator\Operator.csproj", "{E9B86575-061A-404B-A142-C69AB0876F90}"
EndProject
Project("{FAE04EC0-301F-11D3-BF4B-00C04F79EFBC}") = "Condition", "Condition\Condition.csproj", "{3BE9A18D-D0AF-4F6D-BFF6-4548EAE9EE6D}"
EndProject
Project("{FAE04EC0-301F-11D3-BF4B-00C04F79EFBC}") = "Switch", "Switch\Switch.csproj", "{49AB2368-E7B2-4851-91D3-687687353F5B}"
EndProject
Project("{FAE04EC0-301F-11D3-BF4B-00C04F79EFBC}") = "Looping", "Looping\Looping.csproj", "{91F3FF86-E9A5-4530-AF2E-7473D5308597}"
EndProject
Project("{FAE04EC0-301F-11D3-BF4B-00C04F79EFBC}") = "Array", "Array\Array.csproj", "{2C158E79-F715-47B9-8EF8-584054A91014}"
EndProject
Project("{FAE04EC0-301F-11D3-BF4B-00C04F79EFBC}") = "Method", "Method\Method.csproj", "{FA8BEE1B-803D-40C2-B6C8-678C95A06AD5}"
EndProject
Project("{FAE04EC0-301F-11D3-BF4B-00C04F79EFBC}") = "ClassAndObject", "ClassAndObject\ClassAndObject.csproj", "{03589678-4CE0-40FC-B3D0-18FA0B20ED44}"
EndProject
Project("{FAE04EC0-301F-11D3-BF4B-00C04F79EFBC}") = "Constructor", "Constructor\Constructor.csproj", "{C34A7F72-00F1-4C06-98D3-E30F2862B29B}"
EndProject
Project("{FAE04EC0-301F-11D3-BF4B-00C04F79EFBC}") = "AccessModifier", "AccessModifier\AccessModifier.csproj", "{4E735E9D-9428-4F22-B3FB-F554F84430A5}"
EndProject
Project("{FAE04EC0-301F-11D3-BF4B-00C04F79EFBC}") = "Properties", "Properties\Properties.csproj", "{76674C3C-C9BE-47F6-8E90-AA88E53BC190}"
EndProject
Project("{FAE04EC0-301F-11D3-BF4B-00C04F79EFBC}") = "Inheritance", "Inheritance\Inheritance.csproj", "{A510FFA9-B007-41E7-A3BB-9EDA885DCF8F}"
EndProject
Project("{FAE04EC0-301F-11D3-BF4B-00C04F79EFBC}") = "Polymorphism", "Polymorphism\Polymorphism.csproj", "{6B91D9D2-B0E7-4361-8B02-C9BA1ED991D3}"
EndProject
Project("{FAE04EC0-301F-11D3-BF4B-00C04F79EFBC}") = "Abstraction", "Abstraction\Abstraction.csproj", "{83D61815-DDE9-4D39-8A32-B2701A5B2D51}"
EndProject
Project("{FAE04EC0-301F-11D3-BF4B-00C04F79EFBC}") = "Interface", "Interface\Interface.csproj", "{BB6D9800-0E7D-4398-8517-9912143C3FC1}"
EndProject
Global
	GlobalSection(SolutionConfigurationPlatforms) = preSolution
		Debug|Any CPU = Debug|Any CPU
		Release|Any CPU = Release|Any CPU
	EndGlobalSection
	GlobalSection(SolutionProperties) = preSolution
		HideSolutionNode = FALSE
	EndGlobalSection
	GlobalSection(ProjectConfigurationPlatforms) = postSolution
		{870061DD-2D96-4CE0-88F5-16D5E470D5B0}.Debug|Any CPU.ActiveCfg = Debug|Any CPU
		{870061DD-2D96-4CE0-88F5-16D5E470D5B0}.Debug|Any CPU.Build.0 = Debug|Any CPU
		{870061DD-2D96-4CE0-88F5-16D5E470D5B0}.Release|Any CPU.ActiveCfg = Release|Any CPU
		{870061DD-2D96-4CE0-88F5-16D5E470D5B0}.Release|Any CPU.Build.0 = Release|Any CPU
		{280C5D5A-190A-40B2-8CD6-397C87E8600E}.Debug|Any CPU.ActiveCfg = Debug|Any CPU
		{280C5D5A-190A-40B2-8CD6-397C87E8600E}.Debug|Any CPU.Build.0 = Debug|Any CPU
		{280C5D5A-190A-40B2-8CD6-397C87E8600E}.Release|Any CPU.ActiveCfg = Release|Any CPU
		{280C5D5A-190A-40B2-8CD6-397C87E8600E}.Release|Any CPU.Build.0 = Release|Any CPU
		{33B2B427-AD3B-4642-92BF-18D176D07469}.Debug|Any CPU.ActiveCfg = Debug|Any CPU
		{33B2B427-AD3B-4642-92BF-18D176D07469}.Debug|Any CPU.Build.0 = Debug|Any CPU
		{33B2B427-AD3B-4642-92BF-18D176D07469}.Release|Any CPU.ActiveCfg = Release|Any CPU
		{33B2B427-AD3B-4642-92BF-18D176D07469}.Release|Any CPU.Build.0 = Release|Any CPU
		{D583D03B-61E6-415E-B194-95348284673E}.Debug|Any CPU.ActiveCfg = Debug|Any CPU
		{D583D03B-61E6-415E-B194-95348284673E}.Debug|Any CPU.Build.0 = Debug|Any CPU
		{D583D03B-61E6-415E-B194-95348284673E}.Release|Any CPU.ActiveCfg = Release|Any CPU
		{D583D03B-61E6-415E-B194-95348284673E}.Release|Any CPU.Build.0 = Release|Any CPU
		{E9B86575-061A-404B-A142-C69AB0876F90}.Debug|Any CPU.ActiveCfg = Debug|Any CPU
		{E9B86575-061A-404B-A142-C69AB0876F90}.Debug|Any CPU.Build.0 = Debug|Any CPU
		{E9B86575-061A-404B-A142-C69AB0876F90}.Release|Any CPU.ActiveCfg = Release|Any CPU
		{E9B86575-061A-404B-A142-C69AB0876F90}.Release|Any CPU.Build.0 = Release|Any CPU
		{3BE9A18D-D0AF-4F6D-BFF6-4548EAE9EE6D}.Debug|Any CPU.ActiveCfg = Debug|Any CPU
		{3BE9A18D-D0AF-4F6D-BFF6-4548EAE9EE6D}.Debug|Any CPU.Build.0 = Debug|Any CPU
		{3BE9A18D-D0AF-4F6D-BFF6-4548EAE9EE6D}.Release|Any CPU.ActiveCfg = Release|Any CPU
		{3BE9A18D-D0AF-4F6D-BFF6-4548EAE9EE6D}.Release|Any CPU.Build.0 = Release|Any CPU
		{49AB2368-E7B2-4851-91D3-687687353F5B}.Debug|Any CPU.ActiveCfg = Debug|Any CPU
		{49AB2368-E7B2-4851-91D3-687687353F5B}.Debug|Any CPU.Build.0 = Debug|Any CPU
		{49AB2368-E7B2-4851-91D3-687687353F5B}.Release|Any CPU.ActiveCfg = Release|Any CPU
		{49AB2368-E7B2-4851-91D3-687687353F5B}.Release|Any CPU.Build.0 = Release|Any CPU
		{91F3FF86-E9A5-4530-AF2E-7473D5308597}.Debug|Any CPU.ActiveCfg = Debug|Any CPU
		{91F3FF86-E9A5-4530-AF2E-7473D5308597}.Debug|Any CPU.Build.0 = Debug|Any CPU
		{91F3FF86-E9A5-4530-AF2E-7473D5308597}.Release|Any CPU.ActiveCfg = Release|Any CPU
		{91F3FF86-E9A5-4530-AF2E-7473D5308597}.Release|Any CPU.Build.0 = Release|Any CPU
		{2C158E79-F715-47B9-8EF8-584054A91014}.Debug|Any CPU.ActiveCfg = Debug|Any CPU
		{2C158E79-F715-47B9-8EF8-584054A91014}.Debug|Any CPU.Build.0 = Debug|Any CPU
		{2C158E79-F715-47B9-8EF8-584054A91014}.Release|Any CPU.ActiveCfg = Release|Any CPU
		{2C158E79-F715-47B9-8EF8-584054A91014}.Release|Any CPU.Build.0 = Release|Any CPU
		{FA8BEE1B-803D-40C2-B6C8-678C95A06AD5}.Debug|Any CPU.ActiveCfg = Debug|Any CPU
		{FA8BEE1B-803D-40C2-B6C8-678C95A06AD5}.Debug|Any CPU.Build.0 = Debug|Any CPU
		{FA8BEE1B-803D-40C2-B6C8-678C95A06AD5}.Release|Any CPU.ActiveCfg = Release|Any CPU
		{FA8BEE1B-803D-40C2-B6C8-678C95A06AD5}.Release|Any CPU.Build.0 = Release|Any CPU
		{03589678-4CE0-40FC-B3D0-18FA0B20ED44}.Debug|Any CPU.ActiveCfg = Debug|Any CPU
		{03589678-4CE0-40FC-B3D0-18FA0B20ED44}.Debug|Any CPU.Build.0 = Debug|Any CPU
		{03589678-4CE0-40FC-B3D0-18FA0B20ED44}.Release|Any CPU.ActiveCfg = Release|Any CPU
		{03589678-4CE0-40FC-B3D0-18FA0B20ED44}.Release|Any CPU.Build.0 = Release|Any CPU
		{C34A7F72-00F1-4C06-98D3-E30F2862B29B}.Debug|Any CPU.ActiveCfg = Debug|Any CPU
		{C34A7F72-00F1-4C06-98D3-E30F2862B29B}.Debug|Any CPU.Build.0 = Debug|Any CPU
		{C34A7F72-00F1-4C06-98D3-E30F2862B29B}.Release|Any CPU.ActiveCfg = Release|Any CPU
		{C34A7F72-00F1-4C06-98D3-E30F2862B29B}.Release|Any CPU.Build.0 = Release|Any CPU
		{4E735E9D-9428-4F22-B3FB-F554F84430A5}.Debug|Any CPU.ActiveCfg = Debug|Any CPU
		{4E735E9D-9428-4F22-B3FB-F554F84430A5}.Debug|Any CPU.Build.0 = Debug|Any CPU
		{4E735E9D-9428-4F22-B3FB-F554F84430A5}.Release|Any CPU.ActiveCfg = Release|Any CPU
		{4E735E9D-9428-4F22-B3FB-F554F84430A5}.Release|Any CPU.Build.0 = Release|Any CPU
		{76674C3C-C9BE-47F6-8E90-AA88E53BC190}.Debug|Any CPU.ActiveCfg = Debug|Any CPU
		{76674C3C-C9BE-47F6-8E90-AA88E53BC190}.Debug|Any CPU.Build.0 = Debug|Any CPU
		{76674C3C-C9BE-47F6-8E90-AA88E53BC190}.Release|Any CPU.ActiveCfg = Release|Any CPU
		{76674C3C-C9BE-47F6-8E90-AA88E53BC190}.Release|Any CPU.Build.0 = Release|Any CPU
		{A510FFA9-B007-41E7-A3BB-9EDA885DCF8F}.Debug|Any CPU.ActiveCfg = Debug|Any CPU
		{A510FFA9-B007-41E7-A3BB-9EDA885DCF8F}.Debug|Any CPU.Build.0 = Debug|Any CPU
		{A510FFA9-B007-41E7-A3BB-9EDA885DCF8F}.Release|Any CPU.ActiveCfg = Release|Any CPU
		{A510FFA9-B007-41E7-A3BB-9EDA885DCF8F}.Release|Any CPU.Build.0 = Release|Any CPU
		{6B91D9D2-B0E7-4361-8B02-C9BA1ED991D3}.Debug|Any CPU.ActiveCfg = Debug|Any CPU
		{6B91D9D2-B0E7-4361-8B02-C9BA1ED991D3}.Debug|Any CPU.Build.0 = Debug|Any CPU
		{6B91D9D2-B0E7-4361-8B02-C9BA1ED991D3}.Release|Any CPU.ActiveCfg = Release|Any CPU
		{6B91D9D2-B0E7-4361-8B02-C9BA1ED991D3}.Release|Any CPU.Build.0 = Release|Any CPU
		{83D61815-DDE9-4D39-8A32-B2701A5B2D51}.Debug|Any CPU.ActiveCfg = Debug|Any CPU
		{83D61815-DDE9-4D39-8A32-B2701A5B2D51}.Debug|Any CPU.Build.0 = Debug|Any CPU
		{83D61815-DDE9-4D39-8A32-B2701A5B2D51}.Release|Any CPU.ActiveCfg = Release|Any CPU
		{83D61815-DDE9-4D39-8A32-B2701A5B2D51}.Release|Any CPU.Build.0 = Release|Any CPU
		{BB6D9800-0E7D-4398-8517-9912143C3FC1}.Debug|Any CPU.ActiveCfg = Debug|Any CPU
		{BB6D9800-0E7D-4398-8517-9912143C3FC1}.Debug|Any CPU.Build.0 = Debug|Any CPU
		{BB6D9800-0E7D-4398-8517-9912143C3FC1}.Release|Any CPU.ActiveCfg = Release|Any CPU
		{BB6D9800-0E7D-4398-8517-9912143C3FC1}.Release|Any CPU.Build.0 = Release|Any CPU
	EndGlobalSection
EndGlobal
